{
  "version": 4,
  "terraform_version": "1.0.8",
  "serial": 526,
  "lineage": "797d7b51-c486-9235-dd76-d186d81d1ca1",
  "outputs": {
    "gke_endpoint": {
      "value": "34.83.156.164",
      "type": "string"
    },
    "kubectl": {
      "value": "  Renew your kube config file by executing: \n  $ gcloud container clusters get-credentials october-cicd-go-cl\n",
      "type": "string"
    }
  },
  "resources": [
    {
      "mode": "data",
      "type": "google_billing_account",
      "name": "account",
      "provider": "provider[\"registry.terraform.io/hashicorp/google\"]",
      "instances": [
        {
          "schema_version": 0,
          "attributes": {
            "billing_account": null,
            "display_name": "My Billing Account",
            "id": "017B42-764594-839FD1",
            "name": "billingAccounts/017B42-764594-839FD1",
            "open": true,
            "project_ids": [
              "dangaiden-go-cicd",
              "october-cicd-go"
            ]
          },
          "sensitive_attributes": []
        }
      ]
    },
    {
      "mode": "data",
      "type": "google_client_config",
      "name": "last",
      "provider": "provider[\"registry.terraform.io/hashicorp/google\"]",
      "instances": [
        {
          "schema_version": 0,
          "attributes": {
            "access_token": "ya29.a0ARrdaM8fl2znS3HASFfoOBu2ZIQ5fUTSGr9C0xNQ61k1LboFtxaXuqR3OQ0AvkcdEL5CH4TyFuxDcEqroPL1SvjhD3lyTk2Y2cg1mqHRe4CgbnePx62hdPB9W2ocGw-YTBjhflwONqnGq2DZEK2VJRCmOsavOQ",
            "id": "projects//regions/us-west1/zones/us-west1-c",
            "project": "",
            "region": "us-west1",
            "zone": "us-west1-c"
          },
          "sensitive_attributes": []
        }
      ]
    },
    {
      "mode": "managed",
      "type": "google_compute_network",
      "name": "vpc_network",
      "provider": "provider[\"registry.terraform.io/hashicorp/google\"]",
      "instances": [
        {
          "schema_version": 0,
          "attributes": {
            "auto_create_subnetworks": false,
            "delete_default_routes_on_create": false,
            "description": "",
            "gateway_ipv4": "",
            "id": "projects/october-cicd-go/global/networks/october-cicd-go-vpc",
            "mtu": 0,
            "name": "october-cicd-go-vpc",
            "project": "october-cicd-go",
            "routing_mode": "REGIONAL",
            "self_link": "https://www.googleapis.com/compute/v1/projects/october-cicd-go/global/networks/october-cicd-go-vpc",
            "timeouts": null
          },
          "sensitive_attributes": [],
          "private": "eyJlMmJmYjczMC1lY2FhLTExZTYtOGY4OC0zNDM2M2JjN2M0YzAiOnsiY3JlYXRlIjoyNDAwMDAwMDAwMDAsImRlbGV0ZSI6MjQwMDAwMDAwMDAwLCJ1cGRhdGUiOjI0MDAwMDAwMDAwMH19"
        }
      ]
    },
    {
      "mode": "managed",
      "type": "google_compute_subnetwork",
      "name": "subnet",
      "provider": "provider[\"registry.terraform.io/hashicorp/google\"]",
      "instances": [
        {
          "schema_version": 0,
          "attributes": {
            "creation_timestamp": "2021-10-17T04:36:58.083-07:00",
            "description": "",
            "fingerprint": null,
            "gateway_address": "10.10.1.1",
            "id": "projects/october-cicd-go/regions/us-west1/subnetworks/october-cicd-go-subnet",
            "ip_cidr_range": "10.10.1.0/24",
            "log_config": [],
            "name": "october-cicd-go-subnet",
            "network": "https://www.googleapis.com/compute/v1/projects/october-cicd-go/global/networks/october-cicd-go-vpc",
            "private_ip_google_access": false,
            "private_ipv6_google_access": "DISABLE_GOOGLE_ACCESS",
            "project": "october-cicd-go",
            "purpose": "PRIVATE",
            "region": "us-west1",
            "role": "",
            "secondary_ip_range": [],
            "self_link": "https://www.googleapis.com/compute/v1/projects/october-cicd-go/regions/us-west1/subnetworks/october-cicd-go-subnet",
            "timeouts": null
          },
          "sensitive_attributes": [],
          "private": "eyJlMmJmYjczMC1lY2FhLTExZTYtOGY4OC0zNDM2M2JjN2M0YzAiOnsiY3JlYXRlIjozNjAwMDAwMDAwMDAsImRlbGV0ZSI6MzYwMDAwMDAwMDAwLCJ1cGRhdGUiOjM2MDAwMDAwMDAwMH19",
          "dependencies": [
            "google_compute_network.vpc_network"
          ]
        }
      ]
    },
    {
      "mode": "managed",
      "type": "google_container_cluster",
      "name": "primary",
      "provider": "provider[\"registry.terraform.io/hashicorp/google\"]",
      "instances": [
        {
          "schema_version": 1,
          "attributes": {
            "addons_config": [
              {
                "cloudrun_config": [],
                "horizontal_pod_autoscaling": [],
                "http_load_balancing": [],
                "network_policy_config": [
                  {
                    "disabled": true
                  }
                ]
              }
            ],
            "authenticator_groups_config": [],
            "cluster_autoscaling": [
              {
                "auto_provisioning_defaults": [],
                "enabled": false,
                "resource_limits": []
              }
            ],
            "cluster_ipv4_cidr": "10.4.0.0/14",
            "database_encryption": [
              {
                "key_name": "",
                "state": "DECRYPTED"
              }
            ],
            "datapath_provider": "",
            "default_max_pods_per_node": 110,
            "default_snat_status": [
              {
                "disabled": false
              }
            ],
            "description": "",
            "enable_autopilot": false,
            "enable_binary_authorization": false,
            "enable_intranode_visibility": false,
            "enable_kubernetes_alpha": false,
            "enable_legacy_abac": false,
            "enable_shielded_nodes": false,
            "enable_tpu": false,
            "endpoint": "34.83.156.164",
            "id": "projects/october-cicd-go/locations/us-west1-c/clusters/october-cicd-go-cl",
            "initial_node_count": 1,
            "instance_group_urls": [],
            "ip_allocation_policy": [
              {
                "cluster_ipv4_cidr_block": "10.4.0.0/14",
                "cluster_secondary_range_name": "gke-october-cicd-go-cl-pods-798ce9b7",
                "services_ipv4_cidr_block": "10.8.0.0/20",
                "services_secondary_range_name": "gke-october-cicd-go-cl-services-798ce9b7"
              }
            ],
            "label_fingerprint": "a9dc16a7",
            "location": "us-west1-c",
            "logging_config": [
              {
                "enable_components": [
                  "SYSTEM_COMPONENTS",
                  "WORKLOADS"
                ]
              }
            ],
            "logging_service": "logging.googleapis.com/kubernetes",
            "maintenance_policy": [],
            "master_auth": [
              {
                "client_certificate": "",
                "client_certificate_config": [
                  {
                    "issue_client_certificate": false
                  }
                ],
                "client_key": "",
                "cluster_ca_certificate": "LS0tLS1CRUdJTiBDRVJUSUZJQ0FURS0tLS0tCk1JSUVMRENDQXBTZ0F3SUJBZ0lRY0ZMSGx6SG1UdDU1Sk96MkxwVzQvakFOQmdrcWhraUc5dzBCQVFzRkFEQXYKTVMwd0t3WURWUVFERXlRMU9ERTROVGcyTkMxaE5tSm1MVFF4TWpFdFlUVXlOQzA0WkROa1pETTROemcxWlRRdwpJQmNOTWpFeE1ERTNNVEV5TnpFMldoZ1BNakExTVRFd01UQXhNakkzTVRaYU1DOHhMVEFyQmdOVkJBTVRKRFU0Ck1UZzFPRFkwTFdFMlltWXROREV5TVMxaE5USTBMVGhrTTJSa016ZzNPRFZsTkRDQ0FhSXdEUVlKS29aSWh2Y04KQVFFQkJRQURnZ0dQQURDQ0FZb0NnZ0dCQUxwbTlkLy9pUG8zV0VqWXZPcUliMUxSQlBqenpEb2FDM00xS3FZQgpuQ3J5MkFvSERyd3R3YW9TekRJWks3aVB3SkZWeTRkakUzcExmTmRmQlAzNndWNEpJczJhMlRNWmJaa2pMZUs2CnNzZDArdmpOR04vMzFrMWFPY3dkc0dmemtZQVh2amVHanBUa240N29MZE8vakhzMlBuQnpGUGlMZXZBSlJCWHUKWGpEaHEwWVl1TWdISmhwRkN2SjZDZkNYOWY5WWw2QXZIWW9va2Jjb0QzVlBPSXY1VGF4OWJQTGFEZkRJVU1JWQpZaHkwVnVmQkZPb3g5QzBaVktKTFROY1V1b2N1Z1k3V3pEdS91cDRwNnlSa2tHNGxrOStwYkJCSWFHbWx3eVdGCkRmK3NCQVBDUHkydVlSSHZsajNTeVRTamY2bXNUblBobHRrS0k4UU9HQ09mV1luK2l0dy9JM3ZReW1mcmJPSjgKNldIMDk5V3NSSXpoMkN3QjV3M1Y0R1loRHV0Z2s3STZXVGhEalZYSzh0MjZMSlRYbVVrNE0rdDV4NlAwY04rSgpjZ2VzTXdjZXRmRHcxV1RFMlQ0cjg5NlQrWmpOa1JPMFlyMnVSNDZuR25NZWk1ZGZGUHc5VlM5RXRzVGJnaGFyCmZ5dFNkdU5mZktvNTF4aXJ5SGxLYlFXNy9RSURBUUFCbzBJd1FEQU9CZ05WSFE4QkFmOEVCQU1DQWdRd0R3WUQKVlIwVEFRSC9CQVV3QXdFQi96QWRCZ05WSFE0RUZnUVVzTHJkYU02NTlHaHJXeTg0b3g3ZXg1WEhDa2N3RFFZSgpLb1pJaHZjTkFRRUxCUUFEZ2dHQkFEd2cweXNuZ25xRTVxVjRONjJpL1lsRm5ySUFwRXpuMVMwd0JlYnNhMVd4CkR3WDV3M0ZIYVVVMVgwU2Z1cTg5S3NxUDY3RVBkOUhHcTRDcG1XdUpBL0hMeUIzWTc0TDgzZ01Ecm1lc0lnUFgKYUVHVDRiejR1bzFLNmVCd1RiNnY3L1AzcEhkUENMVXhLZGlsS08wNmpGWUpuaDk5YXl0RCsvYzhwb3lKTEMwKwpsL1doOG1SYS9xYXZQRzlqcGQyT1BBcmVUOWhkL2dqOXI5RjFTZlRMcllQVW1qLzE4UHZuWnFsZDBsbWdhekxwClo2Tkx2b0wvcVRRalZGTkZuZjVLMlhKWTR1NzV6eUNUQXhwNWpDa1hxUitqZENvMC9YZVZqeXlvUnR0NUhiUHcKU3duMk1sRmdibDE3OWozZVlrc3RIZ0s1Vm5id2RYZ1FmVmZsNTBOQ1FDUUVCOFRkaGIxcUVEU1NWWC9hT1k3QwpUNTY4QjhUckVxNnNIc0t0L0w4UmxHK3JzVm5HUlp1MG9OdGtTM0R2YmxObzc4ZUFZaUN5Ukd3cG9ZM29TbkplCkk3Z3NyY2Q5YjF2OTE3Qk5IdVhYcUlpZE9HazZHVWxQSGNzREk0N3NoeDlYWU9LSlZodDAzY2dteEdreTZ4MFYKZXN3V0hDVHRoK1krMno1eldaN1JqUT09Ci0tLS0tRU5EIENFUlRJRklDQVRFLS0tLS0K",
                "password": "",
                "username": ""
              }
            ],
            "master_authorized_networks_config": [
              {
                "cidr_blocks": [
                  {
                    "cidr_block": "0.0.0.0/0",
                    "display_name": "default"
                  }
                ]
              }
            ],
            "master_version": "1.21.4-gke.2300",
            "min_master_version": "1.21",
            "monitoring_config": [
              {
                "enable_components": [
                  "SYSTEM_COMPONENTS"
                ]
              }
            ],
            "monitoring_service": "monitoring.googleapis.com/kubernetes",
            "name": "october-cicd-go-cl",
            "network": "projects/october-cicd-go/global/networks/default",
            "network_policy": [
              {
                "enabled": false,
                "provider": "PROVIDER_UNSPECIFIED"
              }
            ],
            "networking_mode": "VPC_NATIVE",
            "node_config": [],
            "node_locations": [],
            "node_pool": [],
            "node_version": "1.21.4-gke.2300",
            "operation": null,
            "pod_security_policy_config": [],
            "private_cluster_config": [],
            "private_ipv6_google_access": "",
            "project": "october-cicd-go",
            "release_channel": [
              {
                "channel": "UNSPECIFIED"
              }
            ],
            "remove_default_node_pool": true,
            "resource_labels": null,
            "resource_usage_export_config": [],
            "self_link": "https://container.googleapis.com/v1beta1/projects/october-cicd-go/zones/us-west1-c/clusters/october-cicd-go-cl",
            "services_ipv4_cidr": "10.8.0.0/20",
            "subnetwork": "projects/october-cicd-go/regions/us-west1/subnetworks/default",
            "timeouts": {
              "create": "20m",
              "delete": "20m",
              "read": null,
              "update": "20m"
            },
            "tpu_ipv4_cidr_block": "",
            "vertical_pod_autoscaling": [],
            "workload_identity_config": []
          },
          "sensitive_attributes": [],
          "private": "eyJlMmJmYjczMC1lY2FhLTExZTYtOGY4OC0zNDM2M2JjN2M0YzAiOnsiY3JlYXRlIjoxMjAwMDAwMDAwMDAwLCJkZWxldGUiOjEyMDAwMDAwMDAwMDAsInJlYWQiOjI0MDAwMDAwMDAwMDAsInVwZGF0ZSI6MTIwMDAwMDAwMDAwMH0sInNjaGVtYV92ZXJzaW9uIjoiMSJ9",
          "dependencies": [
            "google_compute_network.vpc_network"
          ]
        }
      ]
    },
    {
      "mode": "managed",
      "type": "google_container_node_pool",
      "name": "primary_preemptible_nodes",
      "provider": "provider[\"registry.terraform.io/hashicorp/google\"]",
      "instances": [
        {
          "schema_version": 1,
          "attributes": {
            "autoscaling": [],
            "cluster": "october-cicd-go-cl",
            "id": "projects/october-cicd-go/locations/us-west1-c/clusters/october-cicd-go-cl/nodePools/october-cicd-go-node-pool",
            "initial_node_count": 1,
            "instance_group_urls": [
              "https://www.googleapis.com/compute/v1/projects/october-cicd-go/zones/us-west1-c/instanceGroupManagers/gke-october-cicd-go--october-cicd-go--8da3d36c-grp"
            ],
            "location": "us-west1-c",
            "management": [
              {
                "auto_repair": true,
                "auto_upgrade": true
              }
            ],
            "max_pods_per_node": 110,
            "name": "october-cicd-go-node-pool",
            "name_prefix": "",
            "node_config": [
              {
                "disk_size_gb": 100,
                "disk_type": "pd-standard",
                "guest_accelerator": [],
                "image_type": "COS_CONTAINERD",
                "labels": {},
                "local_ssd_count": 0,
                "machine_type": "e2-standard-2",
                "metadata": {
                  "disable-legacy-endpoints": "true"
                },
                "min_cpu_platform": "",
                "oauth_scopes": [
                  "https://www.googleapis.com/auth/cloud-platform"
                ],
                "preemptible": true,
                "service_account": "default",
                "shielded_instance_config": [
                  {
                    "enable_integrity_monitoring": true,
                    "enable_secure_boot": false
                  }
                ],
                "tags": [],
                "taint": [],
                "workload_metadata_config": []
              }
            ],
            "node_count": 1,
            "node_locations": [
              "us-west1-c"
            ],
            "operation": null,
            "project": "october-cicd-go",
            "timeouts": null,
            "upgrade_settings": [
              {
                "max_surge": 1,
                "max_unavailable": 0
              }
            ],
            "version": "1.21.4-gke.2300"
          },
          "sensitive_attributes": [],
          "private": "eyJlMmJmYjczMC1lY2FhLTExZTYtOGY4OC0zNDM2M2JjN2M0YzAiOnsiY3JlYXRlIjoxODAwMDAwMDAwMDAwLCJkZWxldGUiOjE4MDAwMDAwMDAwMDAsInVwZGF0ZSI6MTgwMDAwMDAwMDAwMH0sInNjaGVtYV92ZXJzaW9uIjoiMSJ9",
          "dependencies": [
            "google_compute_network.vpc_network",
            "google_container_cluster.primary"
          ]
        }
      ]
    },
    {
      "mode": "managed",
      "type": "google_project_service",
      "name": "gcp_services",
      "provider": "provider[\"registry.terraform.io/hashicorp/google\"]",
      "instances": [
        {
          "index_key": 0,
          "schema_version": 0,
          "attributes": {
            "disable_dependent_services": null,
            "disable_on_destroy": false,
            "id": "october-cicd-go/compute.googleapis.com",
            "project": "october-cicd-go",
            "service": "compute.googleapis.com",
            "timeouts": null
          },
          "sensitive_attributes": [],
          "private": "eyJlMmJmYjczMC1lY2FhLTExZTYtOGY4OC0zNDM2M2JjN2M0YzAiOnsiY3JlYXRlIjoxMjAwMDAwMDAwMDAwLCJkZWxldGUiOjEyMDAwMDAwMDAwMDAsInJlYWQiOjYwMDAwMDAwMDAwMCwidXBkYXRlIjoxMjAwMDAwMDAwMDAwfX0="
        },
        {
          "index_key": 1,
          "schema_version": 0,
          "attributes": {
            "disable_dependent_services": null,
            "disable_on_destroy": false,
            "id": "october-cicd-go/iam.googleapis.com",
            "project": "october-cicd-go",
            "service": "iam.googleapis.com",
            "timeouts": null
          },
          "sensitive_attributes": [],
          "private": "eyJlMmJmYjczMC1lY2FhLTExZTYtOGY4OC0zNDM2M2JjN2M0YzAiOnsiY3JlYXRlIjoxMjAwMDAwMDAwMDAwLCJkZWxldGUiOjEyMDAwMDAwMDAwMDAsInJlYWQiOjYwMDAwMDAwMDAwMCwidXBkYXRlIjoxMjAwMDAwMDAwMDAwfX0="
        },
        {
          "index_key": 2,
          "schema_version": 0,
          "attributes": {
            "disable_dependent_services": null,
            "disable_on_destroy": false,
            "id": "october-cicd-go/iamcredentials.googleapis.com",
            "project": "october-cicd-go",
            "service": "iamcredentials.googleapis.com",
            "timeouts": null
          },
          "sensitive_attributes": [],
          "private": "eyJlMmJmYjczMC1lY2FhLTExZTYtOGY4OC0zNDM2M2JjN2M0YzAiOnsiY3JlYXRlIjoxMjAwMDAwMDAwMDAwLCJkZWxldGUiOjEyMDAwMDAwMDAwMDAsInJlYWQiOjYwMDAwMDAwMDAwMCwidXBkYXRlIjoxMjAwMDAwMDAwMDAwfX0="
        },
        {
          "index_key": 3,
          "schema_version": 0,
          "attributes": {
            "disable_dependent_services": null,
            "disable_on_destroy": false,
            "id": "october-cicd-go/container.googleapis.com",
            "project": "october-cicd-go",
            "service": "container.googleapis.com",
            "timeouts": null
          },
          "sensitive_attributes": [],
          "private": "eyJlMmJmYjczMC1lY2FhLTExZTYtOGY4OC0zNDM2M2JjN2M0YzAiOnsiY3JlYXRlIjoxMjAwMDAwMDAwMDAwLCJkZWxldGUiOjEyMDAwMDAwMDAwMDAsInJlYWQiOjYwMDAwMDAwMDAwMCwidXBkYXRlIjoxMjAwMDAwMDAwMDAwfX0="
        },
        {
          "index_key": 4,
          "schema_version": 0,
          "attributes": {
            "disable_dependent_services": null,
            "disable_on_destroy": false,
            "id": "october-cicd-go/monitoring.googleapis.com",
            "project": "october-cicd-go",
            "service": "monitoring.googleapis.com",
            "timeouts": null
          },
          "sensitive_attributes": [],
          "private": "eyJlMmJmYjczMC1lY2FhLTExZTYtOGY4OC0zNDM2M2JjN2M0YzAiOnsiY3JlYXRlIjoxMjAwMDAwMDAwMDAwLCJkZWxldGUiOjEyMDAwMDAwMDAwMDAsInJlYWQiOjYwMDAwMDAwMDAwMCwidXBkYXRlIjoxMjAwMDAwMDAwMDAwfX0="
        },
        {
          "index_key": 5,
          "schema_version": 0,
          "attributes": {
            "disable_dependent_services": null,
            "disable_on_destroy": false,
            "id": "october-cicd-go/storage-api.googleapis.com",
            "project": "october-cicd-go",
            "service": "storage-api.googleapis.com",
            "timeouts": null
          },
          "sensitive_attributes": [],
          "private": "eyJlMmJmYjczMC1lY2FhLTExZTYtOGY4OC0zNDM2M2JjN2M0YzAiOnsiY3JlYXRlIjoxMjAwMDAwMDAwMDAwLCJkZWxldGUiOjEyMDAwMDAwMDAwMDAsInJlYWQiOjYwMDAwMDAwMDAwMCwidXBkYXRlIjoxMjAwMDAwMDAwMDAwfX0="
        },
        {
          "index_key": 6,
          "schema_version": 0,
          "attributes": {
            "disable_dependent_services": null,
            "disable_on_destroy": false,
            "id": "october-cicd-go/storage-component.googleapis.com",
            "project": "october-cicd-go",
            "service": "storage-component.googleapis.com",
            "timeouts": null
          },
          "sensitive_attributes": [],
          "private": "eyJlMmJmYjczMC1lY2FhLTExZTYtOGY4OC0zNDM2M2JjN2M0YzAiOnsiY3JlYXRlIjoxMjAwMDAwMDAwMDAwLCJkZWxldGUiOjEyMDAwMDAwMDAwMDAsInJlYWQiOjYwMDAwMDAwMDAwMCwidXBkYXRlIjoxMjAwMDAwMDAwMDAwfX0="
        }
      ]
    }
  ]
}
