{
  "version": 4,
  "terraform_version": "1.0.8",
  "serial": 684,
  "lineage": "797d7b51-c486-9235-dd76-d186d81d1ca1",
  "outputs": {
    "gke_endpoint": {
      "value": "34.82.183.45",
      "type": "string"
    },
    "kubectl_update": {
      "value": "  Renew your kube config file by executing: \n  $ gcloud container clusters get-credentials october-cicd-go-cl\n  export KUBE_CONFIG_PATH=~/.kube/config\n",
      "type": "string"
    }
  },
  "resources": [
    {
      "mode": "data",
      "type": "google_client_config",
      "name": "current",
      "provider": "provider[\"registry.terraform.io/hashicorp/google\"]",
      "instances": [
        {
          "schema_version": 0,
          "attributes": {
            "access_token": "ya29.a0ARrdaM92LPwIfUlGE1_phFqlikldYodduucy2TB_ehvj7E5z7Qo0K1TBOx6zbnKTRKn6XWcNhXVLycKeLUHpTXiyMa0VMTeO_Gr-akIzuYWJQHvIHRogNUdtx2CYwJ3b2Od-Rj88r_GNG-qxaUEtEANYREynJQ",
            "id": "projects//regions/us-west1/zones/us-west1-c",
            "project": "",
            "region": "us-west1",
            "zone": "us-west1-c"
          },
          "sensitive_attributes": []
        }
      ]
    },
    {
      "mode": "managed",
      "type": "google_compute_network",
      "name": "vpc_network",
      "provider": "provider[\"registry.terraform.io/hashicorp/google\"]",
      "instances": [
        {
          "schema_version": 0,
          "attributes": {
            "auto_create_subnetworks": false,
            "delete_default_routes_on_create": false,
            "description": "",
            "gateway_ipv4": "",
            "id": "projects/october-cicd-go/global/networks/october-cicd-go-vpc",
            "mtu": 0,
            "name": "october-cicd-go-vpc",
            "project": "october-cicd-go",
            "routing_mode": "REGIONAL",
            "self_link": "https://www.googleapis.com/compute/v1/projects/october-cicd-go/global/networks/october-cicd-go-vpc",
            "timeouts": null
          },
          "sensitive_attributes": [],
          "private": "eyJlMmJmYjczMC1lY2FhLTExZTYtOGY4OC0zNDM2M2JjN2M0YzAiOnsiY3JlYXRlIjoyNDAwMDAwMDAwMDAsImRlbGV0ZSI6MjQwMDAwMDAwMDAwLCJ1cGRhdGUiOjI0MDAwMDAwMDAwMH19"
        }
      ]
    },
    {
      "mode": "managed",
      "type": "google_compute_subnetwork",
      "name": "subnet",
      "provider": "provider[\"registry.terraform.io/hashicorp/google\"]",
      "instances": [
        {
          "schema_version": 0,
          "attributes": {
            "creation_timestamp": "2021-10-17T11:34:14.265-07:00",
            "description": "",
            "fingerprint": null,
            "gateway_address": "10.10.1.1",
            "id": "projects/october-cicd-go/regions/us-west1/subnetworks/october-cicd-go-subnet",
            "ip_cidr_range": "10.10.1.0/24",
            "log_config": [],
            "name": "october-cicd-go-subnet",
            "network": "https://www.googleapis.com/compute/v1/projects/october-cicd-go/global/networks/october-cicd-go-vpc",
            "private_ip_google_access": false,
            "private_ipv6_google_access": "DISABLE_GOOGLE_ACCESS",
            "project": "october-cicd-go",
            "purpose": "PRIVATE",
            "region": "us-west1",
            "role": "",
            "secondary_ip_range": [],
            "self_link": "https://www.googleapis.com/compute/v1/projects/october-cicd-go/regions/us-west1/subnetworks/october-cicd-go-subnet",
            "timeouts": null
          },
          "sensitive_attributes": [],
          "private": "eyJlMmJmYjczMC1lY2FhLTExZTYtOGY4OC0zNDM2M2JjN2M0YzAiOnsiY3JlYXRlIjozNjAwMDAwMDAwMDAsImRlbGV0ZSI6MzYwMDAwMDAwMDAwLCJ1cGRhdGUiOjM2MDAwMDAwMDAwMH19",
          "dependencies": [
            "google_compute_network.vpc_network"
          ]
        }
      ]
    },
    {
      "mode": "managed",
      "type": "google_container_cluster",
      "name": "primary",
      "provider": "provider[\"registry.terraform.io/hashicorp/google\"]",
      "instances": [
        {
          "schema_version": 1,
          "attributes": {
            "addons_config": [
              {
                "cloudrun_config": [],
                "horizontal_pod_autoscaling": [],
                "http_load_balancing": [],
                "network_policy_config": [
                  {
                    "disabled": true
                  }
                ]
              }
            ],
            "authenticator_groups_config": [],
            "cluster_autoscaling": [
              {
                "auto_provisioning_defaults": [],
                "enabled": false,
                "resource_limits": []
              }
            ],
            "cluster_ipv4_cidr": "10.4.0.0/14",
            "database_encryption": [
              {
                "key_name": "",
                "state": "DECRYPTED"
              }
            ],
            "datapath_provider": "",
            "default_max_pods_per_node": 110,
            "default_snat_status": [
              {
                "disabled": false
              }
            ],
            "description": "",
            "enable_autopilot": false,
            "enable_binary_authorization": false,
            "enable_intranode_visibility": false,
            "enable_kubernetes_alpha": false,
            "enable_legacy_abac": false,
            "enable_shielded_nodes": false,
            "enable_tpu": false,
            "endpoint": "34.82.183.45",
            "id": "projects/october-cicd-go/locations/us-west1-c/clusters/october-cicd-go-cl",
            "initial_node_count": 1,
            "instance_group_urls": [],
            "ip_allocation_policy": [
              {
                "cluster_ipv4_cidr_block": "10.4.0.0/14",
                "cluster_secondary_range_name": "gke-october-cicd-go-cl-pods-ef096a02",
                "services_ipv4_cidr_block": "10.8.0.0/20",
                "services_secondary_range_name": "gke-october-cicd-go-cl-services-ef096a02"
              }
            ],
            "label_fingerprint": "a9dc16a7",
            "location": "us-west1-c",
            "logging_config": [
              {
                "enable_components": [
                  "SYSTEM_COMPONENTS",
                  "WORKLOADS"
                ]
              }
            ],
            "logging_service": "logging.googleapis.com/kubernetes",
            "maintenance_policy": [],
            "master_auth": [
              {
                "client_certificate": "",
                "client_certificate_config": [
                  {
                    "issue_client_certificate": false
                  }
                ],
                "client_key": "",
                "cluster_ca_certificate": "LS0tLS1CRUdJTiBDRVJUSUZJQ0FURS0tLS0tCk1JSUVMVENDQXBXZ0F3SUJBZ0lSQU5Ua3VtMCtDVE1DdXUwV1NQR2w1NXd3RFFZSktvWklodmNOQVFFTEJRQXcKTHpFdE1Dc0dBMVVFQXhNa01EUmpORFkzWWpFdFpHVTJNUzAwT0RSaExUZzJPRGN0WW1ZNU5tSmlZak5oWmpCbApNQ0FYRFRJeE1UQXhOekUzTXpReE5Gb1lEekl3TlRFeE1ERXdNVGd6TkRFMFdqQXZNUzB3S3dZRFZRUURFeVF3Ck5HTTBOamRpTVMxa1pUWXhMVFE0TkdFdE9EWTROeTFpWmprMlltSmlNMkZtTUdVd2dnR2lNQTBHQ1NxR1NJYjMKRFFFQkFRVUFBNElCandBd2dnR0tBb0lCZ1FDcVJoVTJvSFV4aUsrUGtkK0hTSEZLUjBzazlvVnptRFg1c2h1SwpVYmtWbHpLTkZhWVZiU2ljWkVsZWNrSkx5VzIyUUQrZld1cndRd3JrcEUwM1M5ZlltZmU0VW9Zc0RuRnpRb3hIClI1azJhNVEzdFBCV2VxWDRPRzFMMStIMEtSZlY2N0JISjlaazZMY0RzZUQwTGhlM0hNWm45Uml1MHFUb0dralYKZGkreXFJdnhVY2pLd0JWMnIrRWZ3OVhxV3FyNnN1NUZkOHhCbUIzQmoyMmY1QVpvMDFxSU5zNEowdGxJNHZ3bApiSlAwMHdpSGJZUG5lMUFEVndPZ0lWQ29uY1YrSSt6c2VUZjZXY1ZFS3dXSUFvbWh5eXZXMlZOY2dDRGFDa0hTCnkvRWNKeUhJL3Fzb3U2eDRGazBjanhQMXRmaVpkOUUwRmVnbHFGZ1hDdHIvOUhhTnVINjZPdkcxUEZQelhiVWkKbkdKeHJqOGxEMG8vQnZJZkpZYk5FOEdwblo3SERRQ1VSaGZmeEQ0cTZqV1hPbEluZUxmbnlQUlVYK20vdmQwZwpBcGRpdE9DV29BUUlKTUwwNXhFK2NCcjlCTWg1MkFUV0hhd0h0Qnp0aTlBSTZHd1VaYmdYZkNFWFd6SmVNNVpqCmlpZ2VsUGxKTFVBTWRXc01rdEMyRjN6dThEc0NBd0VBQWFOQ01FQXdEZ1lEVlIwUEFRSC9CQVFEQWdJRU1BOEcKQTFVZEV3RUIvd1FGTUFNQkFmOHdIUVlEVlIwT0JCWUVGUDB4bTJzUFJIREEyVE9uUTNnOFJHNkRKVngrTUEwRwpDU3FHU0liM0RRRUJDd1VBQTRJQmdRQXZaY1ViZExVSks4d3cvNmI4bUpySlFUVEErY0hheVl0akFXeGV3SmxrCmRyWGpKdWpoejFVOVUrSVlNNDNxMWR0WVRQWGluTVV0dUxPQk9wRFJZclF2bWg1WWJLMGdSTklYVVJUY0Y0SmcKanBIN1NpbGtZZ0V4bmNXVHF0U1RqTkxyUmtWQnFaaUhEVitDQ3liOUM4ZnJIZ3RrMTFDSHJINDFod0xPMm9jcgpTYzdFcFVzdHBtRTRNbWtKVktnaW5XR3JNOG9oaTNnRnY2djFKU1o1a2kvNWhhaC9BQmZuRStpSE90STlpTTNpCjJPOFpkbXoxb2hBa01YVTlLOGRUZVZvaUtNaWNVdmJyY1lOVTk5bzByYXJWclRLZm1EU2M4YUpLTkhMMStLaWMKbGJUaUU0V0VndTRCVklLVWVBSzFQYjhEc1NDWUthV3dBajJDRmlDdVFyTlp6VFduV25FTmxKTFJRVEFVdGxKSQpVQitXZlNNZzFZWVVJYnA0RVVZYVR4eGVlN3JnR0swNmQwaWhScVBYOGk3aUR4cXhGRkc1K0FvT3FjQWJhSUNICi9DVVRnenFiUzZjMVcxZ2lKZkh2emJwMithay9pTlhtMmx5c0h1dmVTdmZrUmE5dGFLaUhiTHZQTkd5bGVQMmsKUDN0UXZxdTQrNWdHbkI5Y2MwVEordG89Ci0tLS0tRU5EIENFUlRJRklDQVRFLS0tLS0K",
                "password": "",
                "username": ""
              }
            ],
            "master_authorized_networks_config": [
              {
                "cidr_blocks": [
                  {
                    "cidr_block": "0.0.0.0/0",
                    "display_name": "default access to everyone (not limited)"
                  }
                ]
              }
            ],
            "master_version": "1.21.4-gke.2300",
            "min_master_version": "1.21",
            "monitoring_config": [
              {
                "enable_components": [
                  "SYSTEM_COMPONENTS"
                ]
              }
            ],
            "monitoring_service": "monitoring.googleapis.com/kubernetes",
            "name": "october-cicd-go-cl",
            "network": "projects/october-cicd-go/global/networks/default",
            "network_policy": [
              {
                "enabled": false,
                "provider": "PROVIDER_UNSPECIFIED"
              }
            ],
            "networking_mode": "VPC_NATIVE",
            "node_config": [],
            "node_locations": [],
            "node_pool": [],
            "node_version": "1.21.4-gke.2300",
            "operation": null,
            "pod_security_policy_config": [],
            "private_cluster_config": [],
            "private_ipv6_google_access": "",
            "project": "october-cicd-go",
            "release_channel": [
              {
                "channel": "UNSPECIFIED"
              }
            ],
            "remove_default_node_pool": true,
            "resource_labels": null,
            "resource_usage_export_config": [],
            "self_link": "https://container.googleapis.com/v1beta1/projects/october-cicd-go/zones/us-west1-c/clusters/october-cicd-go-cl",
            "services_ipv4_cidr": "10.8.0.0/20",
            "subnetwork": "projects/october-cicd-go/regions/us-west1/subnetworks/default",
            "timeouts": {
              "create": "20m",
              "delete": "20m",
              "read": null,
              "update": "20m"
            },
            "tpu_ipv4_cidr_block": "",
            "vertical_pod_autoscaling": [],
            "workload_identity_config": []
          },
          "sensitive_attributes": [],
          "private": "eyJlMmJmYjczMC1lY2FhLTExZTYtOGY4OC0zNDM2M2JjN2M0YzAiOnsiY3JlYXRlIjoxMjAwMDAwMDAwMDAwLCJkZWxldGUiOjEyMDAwMDAwMDAwMDAsInJlYWQiOjI0MDAwMDAwMDAwMDAsInVwZGF0ZSI6MTIwMDAwMDAwMDAwMH0sInNjaGVtYV92ZXJzaW9uIjoiMSJ9",
          "dependencies": [
            "google_compute_network.vpc_network"
          ]
        }
      ]
    },
    {
      "mode": "managed",
      "type": "google_container_node_pool",
      "name": "primary_preemptible_nodes",
      "provider": "provider[\"registry.terraform.io/hashicorp/google\"]",
      "instances": [
        {
          "schema_version": 1,
          "attributes": {
            "autoscaling": [],
            "cluster": "october-cicd-go-cl",
            "id": "projects/october-cicd-go/locations/us-west1-c/clusters/october-cicd-go-cl/nodePools/october-cicd-go-node-pool",
            "initial_node_count": 1,
            "instance_group_urls": [
              "https://www.googleapis.com/compute/v1/projects/october-cicd-go/zones/us-west1-c/instanceGroupManagers/gke-october-cicd-go--october-cicd-go--92f5a681-grp"
            ],
            "location": "us-west1-c",
            "management": [
              {
                "auto_repair": true,
                "auto_upgrade": true
              }
            ],
            "max_pods_per_node": 110,
            "name": "october-cicd-go-node-pool",
            "name_prefix": "",
            "node_config": [
              {
                "disk_size_gb": 100,
                "disk_type": "pd-standard",
                "guest_accelerator": [],
                "image_type": "COS_CONTAINERD",
                "labels": {},
                "local_ssd_count": 0,
                "machine_type": "e2-standard-2",
                "metadata": {
                  "disable-legacy-endpoints": "true"
                },
                "min_cpu_platform": "",
                "oauth_scopes": [
                  "https://www.googleapis.com/auth/cloud-platform"
                ],
                "preemptible": true,
                "service_account": "default",
                "shielded_instance_config": [
                  {
                    "enable_integrity_monitoring": true,
                    "enable_secure_boot": false
                  }
                ],
                "tags": null,
                "taint": [],
                "workload_metadata_config": []
              }
            ],
            "node_count": 1,
            "node_locations": [
              "us-west1-c"
            ],
            "operation": null,
            "project": "october-cicd-go",
            "timeouts": null,
            "upgrade_settings": [
              {
                "max_surge": 1,
                "max_unavailable": 0
              }
            ],
            "version": "1.21.4-gke.2300"
          },
          "sensitive_attributes": [],
          "private": "eyJlMmJmYjczMC1lY2FhLTExZTYtOGY4OC0zNDM2M2JjN2M0YzAiOnsiY3JlYXRlIjoxODAwMDAwMDAwMDAwLCJkZWxldGUiOjE4MDAwMDAwMDAwMDAsInVwZGF0ZSI6MTgwMDAwMDAwMDAwMH0sInNjaGVtYV92ZXJzaW9uIjoiMSJ9",
          "dependencies": [
            "google_compute_network.vpc_network",
            "google_container_cluster.primary"
          ]
        }
      ]
    },
    {
      "mode": "managed",
      "type": "google_project_service",
      "name": "gcp_services",
      "provider": "provider[\"registry.terraform.io/hashicorp/google\"]",
      "instances": [
        {
          "index_key": 0,
          "schema_version": 0,
          "attributes": {
            "disable_dependent_services": null,
            "disable_on_destroy": false,
            "id": "october-cicd-go/compute.googleapis.com",
            "project": "october-cicd-go",
            "service": "compute.googleapis.com",
            "timeouts": null
          },
          "sensitive_attributes": [],
          "private": "eyJlMmJmYjczMC1lY2FhLTExZTYtOGY4OC0zNDM2M2JjN2M0YzAiOnsiY3JlYXRlIjoxMjAwMDAwMDAwMDAwLCJkZWxldGUiOjEyMDAwMDAwMDAwMDAsInJlYWQiOjYwMDAwMDAwMDAwMCwidXBkYXRlIjoxMjAwMDAwMDAwMDAwfX0="
        },
        {
          "index_key": 1,
          "schema_version": 0,
          "attributes": {
            "disable_dependent_services": null,
            "disable_on_destroy": false,
            "id": "october-cicd-go/iam.googleapis.com",
            "project": "october-cicd-go",
            "service": "iam.googleapis.com",
            "timeouts": null
          },
          "sensitive_attributes": [],
          "private": "eyJlMmJmYjczMC1lY2FhLTExZTYtOGY4OC0zNDM2M2JjN2M0YzAiOnsiY3JlYXRlIjoxMjAwMDAwMDAwMDAwLCJkZWxldGUiOjEyMDAwMDAwMDAwMDAsInJlYWQiOjYwMDAwMDAwMDAwMCwidXBkYXRlIjoxMjAwMDAwMDAwMDAwfX0="
        },
        {
          "index_key": 2,
          "schema_version": 0,
          "attributes": {
            "disable_dependent_services": null,
            "disable_on_destroy": false,
            "id": "october-cicd-go/iamcredentials.googleapis.com",
            "project": "october-cicd-go",
            "service": "iamcredentials.googleapis.com",
            "timeouts": null
          },
          "sensitive_attributes": [],
          "private": "eyJlMmJmYjczMC1lY2FhLTExZTYtOGY4OC0zNDM2M2JjN2M0YzAiOnsiY3JlYXRlIjoxMjAwMDAwMDAwMDAwLCJkZWxldGUiOjEyMDAwMDAwMDAwMDAsInJlYWQiOjYwMDAwMDAwMDAwMCwidXBkYXRlIjoxMjAwMDAwMDAwMDAwfX0="
        },
        {
          "index_key": 3,
          "schema_version": 0,
          "attributes": {
            "disable_dependent_services": null,
            "disable_on_destroy": false,
            "id": "october-cicd-go/container.googleapis.com",
            "project": "october-cicd-go",
            "service": "container.googleapis.com",
            "timeouts": null
          },
          "sensitive_attributes": [],
          "private": "eyJlMmJmYjczMC1lY2FhLTExZTYtOGY4OC0zNDM2M2JjN2M0YzAiOnsiY3JlYXRlIjoxMjAwMDAwMDAwMDAwLCJkZWxldGUiOjEyMDAwMDAwMDAwMDAsInJlYWQiOjYwMDAwMDAwMDAwMCwidXBkYXRlIjoxMjAwMDAwMDAwMDAwfX0="
        },
        {
          "index_key": 4,
          "schema_version": 0,
          "attributes": {
            "disable_dependent_services": null,
            "disable_on_destroy": false,
            "id": "october-cicd-go/storage-api.googleapis.com",
            "project": "october-cicd-go",
            "service": "storage-api.googleapis.com",
            "timeouts": null
          },
          "sensitive_attributes": [],
          "private": "eyJlMmJmYjczMC1lY2FhLTExZTYtOGY4OC0zNDM2M2JjN2M0YzAiOnsiY3JlYXRlIjoxMjAwMDAwMDAwMDAwLCJkZWxldGUiOjEyMDAwMDAwMDAwMDAsInJlYWQiOjYwMDAwMDAwMDAwMCwidXBkYXRlIjoxMjAwMDAwMDAwMDAwfX0="
        },
        {
          "index_key": 5,
          "schema_version": 0,
          "attributes": {
            "disable_dependent_services": null,
            "disable_on_destroy": false,
            "id": "october-cicd-go/storage-component.googleapis.com",
            "project": "october-cicd-go",
            "service": "storage-component.googleapis.com",
            "timeouts": null
          },
          "sensitive_attributes": [],
          "private": "eyJlMmJmYjczMC1lY2FhLTExZTYtOGY4OC0zNDM2M2JjN2M0YzAiOnsiY3JlYXRlIjoxMjAwMDAwMDAwMDAwLCJkZWxldGUiOjEyMDAwMDAwMDAwMDAsInJlYWQiOjYwMDAwMDAwMDAwMCwidXBkYXRlIjoxMjAwMDAwMDAwMDAwfX0="
        }
      ]
    },
    {
      "mode": "managed",
      "type": "helm_release",
      "name": "cert-manager",
      "provider": "provider[\"registry.terraform.io/hashicorp/helm\"]",
      "instances": [
        {
          "schema_version": 0,
          "attributes": {
            "atomic": false,
            "chart": "cert-manager",
            "cleanup_on_fail": false,
            "create_namespace": true,
            "dependency_update": false,
            "description": null,
            "devel": null,
            "disable_crd_hooks": false,
            "disable_openapi_validation": false,
            "disable_webhooks": false,
            "force_update": false,
            "id": "cert-manager",
            "keyring": null,
            "lint": false,
            "manifest": null,
            "max_history": 0,
            "metadata": [
              {
                "app_version": "v1.5.3",
                "chart": "cert-manager",
                "name": "cert-manager",
                "namespace": "cert-manager",
                "revision": 1,
                "values": "{\"installCRDs\":true}",
                "version": "v1.5.3"
              }
            ],
            "name": "cert-manager",
            "namespace": "cert-manager",
            "postrender": [],
            "recreate_pods": false,
            "render_subchart_notes": true,
            "replace": false,
            "repository": "https://charts.jetstack.io",
            "repository_ca_file": null,
            "repository_cert_file": null,
            "repository_key_file": null,
            "repository_password": null,
            "repository_username": null,
            "reset_values": false,
            "reuse_values": false,
            "set": [
              {
                "name": "installCRDs",
                "type": "",
                "value": "true"
              }
            ],
            "set_sensitive": [],
            "skip_crds": false,
            "status": "deployed",
            "timeout": 300,
            "values": null,
            "verify": false,
            "version": "v1.5.3",
            "wait": true,
            "wait_for_jobs": false
          },
          "sensitive_attributes": [],
          "private": "bnVsbA==",
          "dependencies": [
            "data.google_client_config.current",
            "google_compute_network.vpc_network",
            "google_container_cluster.primary",
            "google_container_node_pool.primary_preemptible_nodes"
          ]
        }
      ]
    },
    {
      "mode": "managed",
      "type": "helm_release",
      "name": "nginx",
      "provider": "provider[\"registry.terraform.io/hashicorp/helm\"]",
      "instances": [
        {
          "schema_version": 0,
          "attributes": {
            "atomic": false,
            "chart": "ingress-nginx",
            "cleanup_on_fail": false,
            "create_namespace": true,
            "dependency_update": false,
            "description": null,
            "devel": null,
            "disable_crd_hooks": false,
            "disable_openapi_validation": false,
            "disable_webhooks": false,
            "force_update": false,
            "id": "nginx",
            "keyring": null,
            "lint": false,
            "manifest": null,
            "max_history": 0,
            "metadata": [
              {
                "app_version": "1.0.0",
                "chart": "ingress-nginx",
                "name": "nginx",
                "namespace": "ingress",
                "revision": 1,
                "values": "{\"controller\":{\"admissionWebhooks\":{\"enabled\":true},\"config\":{\"compute-full-forwarded-for\":\"true\",\"proxy-body-size\":\"0\",\"use-forwarded-headers\":\"true\"},\"extraArgs\":{\"ingress-class\":\"external-nginx\"},\"ingressClass\":\"external-nginx\",\"ingressClassResource\":{\"default\":false,\"enabled\":true},\"replicaCount\":1,\"watchIngressWithoutClass\":true}}",
                "version": "4.0.1"
              }
            ],
            "name": "nginx",
            "namespace": "ingress",
            "postrender": [],
            "recreate_pods": false,
            "render_subchart_notes": true,
            "replace": false,
            "repository": "https://kubernetes.github.io/ingress-nginx",
            "repository_ca_file": null,
            "repository_cert_file": null,
            "repository_key_file": null,
            "repository_password": null,
            "repository_username": null,
            "reset_values": false,
            "reuse_values": false,
            "set": [],
            "set_sensitive": [],
            "skip_crds": false,
            "status": "deployed",
            "timeout": 300,
            "values": [
              "controller:\n  config:\n    compute-full-forwarded-for: \"true\"\n    use-forwarded-headers: \"true\"\n    proxy-body-size: \"0\"    \n  ingressClass: external-nginx\n  ingressClassResource:\n    enabled: true\n    default: false\n  replicaCount: 1\n  admissionWebhooks:\n    enabled: true\n  #service:\n  #  annotations: \n  #    kubernetes.io/ingress.class: gce\n  # Required for ACME\n  watchIngressWithoutClass: true\n  extraArgs:\n    ingress-class: external-nginx"
            ],
            "verify": false,
            "version": "4.0.1",
            "wait": true,
            "wait_for_jobs": false
          },
          "sensitive_attributes": [],
          "private": "bnVsbA==",
          "dependencies": [
            "data.google_client_config.current",
            "google_compute_network.vpc_network",
            "google_container_cluster.primary",
            "google_container_node_pool.primary_preemptible_nodes"
          ]
        }
      ]
    }
  ]
}
