{
  "version": 4,
  "terraform_version": "1.0.8",
  "serial": 345,
  "lineage": "797d7b51-c486-9235-dd76-d186d81d1ca1",
  "outputs": {
    "config_current_id": {
      "value": "projects//regions/us-west1/zones/us-west1-c",
      "type": "string"
    },
    "gke_endpoint": {
      "value": "34.127.9.121",
      "type": "string"
    },
    "project": {
      "value": "",
      "type": "string"
    }
  },
  "resources": [
    {
      "mode": "data",
      "type": "google_billing_account",
      "name": "account",
      "provider": "provider[\"registry.terraform.io/hashicorp/google\"]",
      "instances": [
        {
          "schema_version": 0,
          "attributes": {
            "billing_account": null,
            "display_name": "My Billing Account",
            "id": "017B42-764594-839FD1",
            "name": "billingAccounts/017B42-764594-839FD1",
            "open": true,
            "project_ids": [
              "dangaiden-go-cicd",
              "october-cicd-go"
            ]
          },
          "sensitive_attributes": []
        }
      ]
    },
    {
      "mode": "data",
      "type": "google_client_config",
      "name": "current",
      "provider": "provider[\"registry.terraform.io/hashicorp/google\"]",
      "instances": [
        {
          "schema_version": 0,
          "attributes": {
            "access_token": "ya29.a0ARrdaM99cfS98aT5H1g9g1QM_6IX8Vc9eobVgw9rgJ6xEI3pd7SRqnQpc8VtU1DGqWIllSXi50NjImo7EVxd-GCQ9TvA2TmIwtgrQd7eXBm3w0elBj8haMZoz958nA9Idg1gU_TD_4M829EsAiYvSfO-LLd31g",
            "id": "projects//regions/us-west1/zones/us-west1-c",
            "project": "",
            "region": "us-west1",
            "zone": "us-west1-c"
          },
          "sensitive_attributes": []
        }
      ]
    },
    {
      "mode": "data",
      "type": "kubectl_path_documents",
      "name": "docs",
      "provider": "provider[\"registry.terraform.io/gavinbunney/kubectl\"]",
      "instances": [
        {
          "schema_version": 0,
          "attributes": {
            "disable_template": false,
            "documents": [
              "#app-deployment\napiVersion: apps/v1\nkind: Deployment\nmetadata:\n  name: go-deployment\n  namespace: app\n  labels:\n    app: go-app\nspec:\n  replicas: 1\n  selector:\n    matchLabels:\n      app: go-app\n  template:\n    metadata:\n      labels:\n        app: go-app\n    spec:\n      containers:\n      - name: go-app\n        image: gcr.io/dangaiden-go-cicd/goserver:v1\n        ports:\n        - containerPort: 8080",
              "#app-service\nkind: Service\napiVersion: v1\nmetadata:\n  name: go-service\n  namespace: app\nspec:\n  selector:\n    app: go-app\n  ports:\n  - port: 80\n    targetPort: 8080\n  type: ClusterIP",
              "#app-routes\napiVersion: traefik.containo.us/v1alpha1\nkind: IngressRoute\nmetadata:\n  name: go-ingress\n  namespace: app\n\nspec:\n  entryPoints:\n    - web\n    - websecure\n  routes:\n    - match: Host(`itgaiden.com`)\n      kind: Rule\n      services:\n        - name: go-service\n          namespace: app\n          port: 80",
              "# dashboard.yaml\napiVersion: traefik.containo.us/v1alpha1\nkind: IngressRoute\nmetadata:\n  name: dashboard\n  namespace: traefik\nspec:\n  entryPoints:\n    - web\n    - websecure\n  routes:\n    - match: (PathPrefix(`/dashboard`) || PathPrefix(`/api`))\n      kind: Rule\n      services:\n        - name: api@internal\n          kind: TraefikService"
            ],
            "id": "7cd960bf945db0551027f2beabb102976e4e35b15fb487f96bddef376246936f",
            "manifests": {
              "/api/v1/namespaces/app/services/go-service": "apiVersion: v1\nkind: Service\nmetadata:\n  name: go-service\n  namespace: app\nspec:\n  ports:\n  - port: 80\n    targetPort: 8080\n  selector:\n    app: go-app\n  type: ClusterIP\n",
              "/apis/apps/v1/namespaces/app/deployments/go-deployment": "apiVersion: apps/v1\nkind: Deployment\nmetadata:\n  labels:\n    app: go-app\n  name: go-deployment\n  namespace: app\nspec:\n  replicas: 1\n  selector:\n    matchLabels:\n      app: go-app\n  template:\n    metadata:\n      labels:\n        app: go-app\n    spec:\n      containers:\n      - image: gcr.io/dangaiden-go-cicd/goserver:v1\n        name: go-app\n        ports:\n        - containerPort: 8080\n",
              "/apis/traefik.containo.us/v1alpha1/namespaces/app/ingressroutes/go-ingress": "apiVersion: traefik.containo.us/v1alpha1\nkind: IngressRoute\nmetadata:\n  name: go-ingress\n  namespace: app\nspec:\n  entryPoints:\n  - web\n  - websecure\n  routes:\n  - kind: Rule\n    match: Host(`itgaiden.com`)\n    services:\n    - name: go-service\n      namespace: app\n      port: 80\n",
              "/apis/traefik.containo.us/v1alpha1/namespaces/traefik/ingressroutes/dashboard": "apiVersion: traefik.containo.us/v1alpha1\nkind: IngressRoute\nmetadata:\n  name: dashboard\n  namespace: traefik\nspec:\n  entryPoints:\n  - web\n  - websecure\n  routes:\n  - kind: Rule\n    match: (PathPrefix(`/dashboard`) || PathPrefix(`/api`))\n    services:\n    - kind: TraefikService\n      name: api@internal\n"
            },
            "pattern": "./manifests/*.yaml",
            "sensitive_vars": null,
            "vars": null
          },
          "sensitive_attributes": []
        }
      ]
    },
    {
      "mode": "managed",
      "type": "google_compute_network",
      "name": "vpc_network",
      "provider": "provider[\"registry.terraform.io/hashicorp/google\"]",
      "instances": [
        {
          "schema_version": 0,
          "attributes": {
            "auto_create_subnetworks": false,
            "delete_default_routes_on_create": false,
            "description": "",
            "gateway_ipv4": "",
            "id": "projects/october-cicd-go/global/networks/october-cicd-go-vpc",
            "mtu": 0,
            "name": "october-cicd-go-vpc",
            "project": "october-cicd-go",
            "routing_mode": "REGIONAL",
            "self_link": "https://www.googleapis.com/compute/v1/projects/october-cicd-go/global/networks/october-cicd-go-vpc",
            "timeouts": null
          },
          "sensitive_attributes": [],
          "private": "eyJlMmJmYjczMC1lY2FhLTExZTYtOGY4OC0zNDM2M2JjN2M0YzAiOnsiY3JlYXRlIjoyNDAwMDAwMDAwMDAsImRlbGV0ZSI6MjQwMDAwMDAwMDAwLCJ1cGRhdGUiOjI0MDAwMDAwMDAwMH19"
        }
      ]
    },
    {
      "mode": "managed",
      "type": "google_compute_subnetwork",
      "name": "subnet",
      "provider": "provider[\"registry.terraform.io/hashicorp/google\"]",
      "instances": [
        {
          "schema_version": 0,
          "attributes": {
            "creation_timestamp": "2021-10-16T12:22:46.789-07:00",
            "description": "",
            "fingerprint": null,
            "gateway_address": "10.10.1.1",
            "id": "projects/october-cicd-go/regions/us-west1/subnetworks/october-cicd-go-subnet",
            "ip_cidr_range": "10.10.1.0/24",
            "log_config": [],
            "name": "october-cicd-go-subnet",
            "network": "https://www.googleapis.com/compute/v1/projects/october-cicd-go/global/networks/october-cicd-go-vpc",
            "private_ip_google_access": false,
            "private_ipv6_google_access": "DISABLE_GOOGLE_ACCESS",
            "project": "october-cicd-go",
            "purpose": "PRIVATE",
            "region": "us-west1",
            "role": "",
            "secondary_ip_range": [],
            "self_link": "https://www.googleapis.com/compute/v1/projects/october-cicd-go/regions/us-west1/subnetworks/october-cicd-go-subnet",
            "timeouts": null
          },
          "sensitive_attributes": [],
          "private": "eyJlMmJmYjczMC1lY2FhLTExZTYtOGY4OC0zNDM2M2JjN2M0YzAiOnsiY3JlYXRlIjozNjAwMDAwMDAwMDAsImRlbGV0ZSI6MzYwMDAwMDAwMDAwLCJ1cGRhdGUiOjM2MDAwMDAwMDAwMH19",
          "dependencies": [
            "google_compute_network.vpc_network"
          ]
        }
      ]
    },
    {
      "mode": "managed",
      "type": "google_container_cluster",
      "name": "primary",
      "provider": "provider[\"registry.terraform.io/hashicorp/google\"]",
      "instances": [
        {
          "schema_version": 1,
          "attributes": {
            "addons_config": [
              {
                "cloudrun_config": [],
                "horizontal_pod_autoscaling": [],
                "http_load_balancing": [],
                "network_policy_config": [
                  {
                    "disabled": true
                  }
                ]
              }
            ],
            "authenticator_groups_config": [],
            "cluster_autoscaling": [
              {
                "auto_provisioning_defaults": [],
                "enabled": false,
                "resource_limits": []
              }
            ],
            "cluster_ipv4_cidr": "10.4.0.0/14",
            "database_encryption": [
              {
                "key_name": "",
                "state": "DECRYPTED"
              }
            ],
            "datapath_provider": "",
            "default_max_pods_per_node": 110,
            "default_snat_status": [
              {
                "disabled": false
              }
            ],
            "description": "",
            "enable_autopilot": false,
            "enable_binary_authorization": false,
            "enable_intranode_visibility": false,
            "enable_kubernetes_alpha": false,
            "enable_legacy_abac": false,
            "enable_shielded_nodes": false,
            "enable_tpu": false,
            "endpoint": "34.127.9.121",
            "id": "projects/october-cicd-go/locations/us-west1-c/clusters/october-cicd-go-cl",
            "initial_node_count": 1,
            "instance_group_urls": [],
            "ip_allocation_policy": [
              {
                "cluster_ipv4_cidr_block": "10.4.0.0/14",
                "cluster_secondary_range_name": "gke-october-cicd-go-cl-pods-6cec4ff5",
                "services_ipv4_cidr_block": "10.8.0.0/20",
                "services_secondary_range_name": "gke-october-cicd-go-cl-services-6cec4ff5"
              }
            ],
            "label_fingerprint": "a9dc16a7",
            "location": "us-west1-c",
            "logging_config": [
              {
                "enable_components": [
                  "SYSTEM_COMPONENTS",
                  "WORKLOADS"
                ]
              }
            ],
            "logging_service": "logging.googleapis.com/kubernetes",
            "maintenance_policy": [],
            "master_auth": [
              {
                "client_certificate": "",
                "client_certificate_config": [
                  {
                    "issue_client_certificate": false
                  }
                ],
                "client_key": "",
                "cluster_ca_certificate": "LS0tLS1CRUdJTiBDRVJUSUZJQ0FURS0tLS0tCk1JSUVMRENDQXBTZ0F3SUJBZ0lRYnlrRlFYVXNvZXkzU0RmY0dNWG9JekFOQmdrcWhraUc5dzBCQVFzRkFEQXYKTVMwd0t3WURWUVFERXlSbU16azBaREJpWlMxaU5HRXlMVFJsTjJJdFltTTVOQzFtWXpkak1UZ3pZMk5qTW1ZdwpJQmNOTWpFeE1ERTJNVGd5TWpRMldoZ1BNakExTVRFd01Ea3hPVEl5TkRaYU1DOHhMVEFyQmdOVkJBTVRKR1l6Ck9UUmtNR0psTFdJMFlUSXROR1UzWWkxaVl6azBMV1pqTjJNeE9ETmpZMk15WmpDQ0FhSXdEUVlKS29aSWh2Y04KQVFFQkJRQURnZ0dQQURDQ0FZb0NnZ0dCQU1EWHZocGEvMTExbVZHTkcvRktONThRMXVKYVhyM05vakpoM255RQpZQ0hDSVVja1hnWk8zMElBaGMvWWt2cVdHQVNGQWZTdHJhQklXV0RveW44QmRPZjZiYW5BRmJ3b0dLaXFhWXBPCmwzNFcrdHV5NVVQNGtvZjhwU25XSDJETTZHbzZac0NKTFMrRm1QTW5LcXZiVHRnbGJuMDBVbFplZG8wMll4ODcKL1NNbWYwbjZGNkdsOFk4TkRSSENMbVNTZ1oyd05LWmYxSU9wcC9NSzZiOW9OL292LzF4YkZXbitITnZvR0d0TAp6WjhZdlFNYjhrSVJ5S2x5TEdmU0hoYWJLQm5sQkM5Q3BEOXJuM0RnT3FZclpBU0VUQkg1Ujk1RFJCTFdpam02CnljRmo3SlllZkVNdHVTZUYzLzNMVzVnODE4dTFDL3diTXRQdUJ2Rzl5cHNWTnU0aWs4bTE2aWo1VTErZlRRZEcKS2N5N2NpYmZzZTBZQ1kyNlo1bzhGMjBwcDd1bDhTK1UvNXZGTnhQS1BpYW50dDJDdVhhMGlqVVV3TEVLdnpXZwp2aHJNaDhIM0VtVmpvODl3TDhXTE53TmVXS1FQUGtxRS9vbjlWZVZ3UWJKV2dzZjJyQk1KaXBXY1RjYWV6ZnpuCmtaemlLZlRiOVI4dXN3OFQzNFpaUjk5UjZRSURBUUFCbzBJd1FEQU9CZ05WSFE4QkFmOEVCQU1DQWdRd0R3WUQKVlIwVEFRSC9CQVV3QXdFQi96QWRCZ05WSFE0RUZnUVUySVNWT2JlelVhdXdYUFdvTWdvT2RNTWc4MjB3RFFZSgpLb1pJaHZjTkFRRUxCUUFEZ2dHQkFLUmtqQUxKZlh0cUtpN0kyTUlSQ1hsVEpaUE1PY21jTWhPUUZJUEtHYmNNClZnZHF4ZkdIL2N3L3R6bmIyMkVxdmxYc0dWdGlGb3EzUVVhT2ZtWVBxWFMwYjFvVzVxRXhaTTZ5TFNMYXZVUUQKMWJiMWZvWS9mREF2RkVtaC9MWnE0bVRrR1NDeTRxbnJoS21JZ2YvVTErc2NDWFg2ZTVQbVBiWEtJRWFpOVZzcgpvUzlnSWRiWmFnWlBKWGpUdVNvcE96Q0s3Qjlya3dIaW9QK010UnYzaHlNVVZVUHRsNjFkRUNMa0hmb1FUakc5CmlMSVRTR2VPMGdRQVFrL2QzcThZM2ZJWlRmQUpRUWdwL1FXZ1R2VVB5T0lGbXhtRTlMa1A0eGhkbkVHWHRQcjgKY3hvTnpmYjdOYnBsR2tQWlVYUWRmeW12eFhXaXU5SmQ1TFlaM0hya1ZFN0pNUXdtdnFXQkVOV0RqWnUrZGpNZQpmR2UrOWVqcFg0cVY5MkxtckIxWTVjbnVadTVNc2o3c0VjOHFycEdVdE1PVmdBVWJLQ0tqOHp4cFdRYW82RCtrCm12YmRTNUdLZ0lKSHRaZUhkKy91ZTBOS3Q2cTMvZGZlcXZjd2VFN2QxNWRBY0daV2dTMTNjcStrUy9JR1BOeDQKUzBzSkVYVW1NNVhyL1R3Y2UxVVJpZz09Ci0tLS0tRU5EIENFUlRJRklDQVRFLS0tLS0K",
                "password": "",
                "username": ""
              }
            ],
            "master_authorized_networks_config": [
              {
                "cidr_blocks": [
                  {
                    "cidr_block": "0.0.0.0/0",
                    "display_name": "default"
                  }
                ]
              }
            ],
            "master_version": "1.21.4-gke.2300",
            "min_master_version": "1.21",
            "monitoring_config": [
              {
                "enable_components": [
                  "SYSTEM_COMPONENTS"
                ]
              }
            ],
            "monitoring_service": "monitoring.googleapis.com/kubernetes",
            "name": "october-cicd-go-cl",
            "network": "projects/october-cicd-go/global/networks/default",
            "network_policy": [
              {
                "enabled": false,
                "provider": "PROVIDER_UNSPECIFIED"
              }
            ],
            "networking_mode": "VPC_NATIVE",
            "node_config": [],
            "node_locations": [],
            "node_pool": [],
            "node_version": "1.21.4-gke.2300",
            "operation": null,
            "pod_security_policy_config": [],
            "private_cluster_config": [],
            "private_ipv6_google_access": "",
            "project": "october-cicd-go",
            "release_channel": [
              {
                "channel": "UNSPECIFIED"
              }
            ],
            "remove_default_node_pool": true,
            "resource_labels": null,
            "resource_usage_export_config": [],
            "self_link": "https://container.googleapis.com/v1beta1/projects/october-cicd-go/zones/us-west1-c/clusters/october-cicd-go-cl",
            "services_ipv4_cidr": "10.8.0.0/20",
            "subnetwork": "projects/october-cicd-go/regions/us-west1/subnetworks/default",
            "timeouts": {
              "create": "20m",
              "delete": null,
              "read": null,
              "update": "20m"
            },
            "tpu_ipv4_cidr_block": "",
            "vertical_pod_autoscaling": [],
            "workload_identity_config": []
          },
          "sensitive_attributes": [],
          "private": "eyJlMmJmYjczMC1lY2FhLTExZTYtOGY4OC0zNDM2M2JjN2M0YzAiOnsiY3JlYXRlIjoxMjAwMDAwMDAwMDAwLCJkZWxldGUiOjI0MDAwMDAwMDAwMDAsInJlYWQiOjI0MDAwMDAwMDAwMDAsInVwZGF0ZSI6MTIwMDAwMDAwMDAwMH0sInNjaGVtYV92ZXJzaW9uIjoiMSJ9",
          "dependencies": [
            "google_compute_network.vpc_network"
          ]
        }
      ]
    },
    {
      "mode": "managed",
      "type": "google_container_node_pool",
      "name": "primary_preemptible_nodes",
      "provider": "provider[\"registry.terraform.io/hashicorp/google\"]",
      "instances": [
        {
          "schema_version": 1,
          "attributes": {
            "autoscaling": [],
            "cluster": "october-cicd-go-cl",
            "id": "projects/october-cicd-go/locations/us-west1-c/clusters/october-cicd-go-cl/nodePools/october-cicd-go-node-pool",
            "initial_node_count": 1,
            "instance_group_urls": [
              "https://www.googleapis.com/compute/v1/projects/october-cicd-go/zones/us-west1-c/instanceGroupManagers/gke-october-cicd-go--october-cicd-go--a78fc46f-grp"
            ],
            "location": "us-west1-c",
            "management": [
              {
                "auto_repair": true,
                "auto_upgrade": true
              }
            ],
            "max_pods_per_node": 110,
            "name": "october-cicd-go-node-pool",
            "name_prefix": "",
            "node_config": [
              {
                "disk_size_gb": 100,
                "disk_type": "pd-standard",
                "guest_accelerator": [],
                "image_type": "COS_CONTAINERD",
                "labels": {},
                "local_ssd_count": 0,
                "machine_type": "e2-standard-2",
                "metadata": {
                  "disable-legacy-endpoints": "true"
                },
                "min_cpu_platform": "",
                "oauth_scopes": [
                  "https://www.googleapis.com/auth/cloud-platform"
                ],
                "preemptible": true,
                "service_account": "default",
                "shielded_instance_config": [
                  {
                    "enable_integrity_monitoring": true,
                    "enable_secure_boot": false
                  }
                ],
                "tags": null,
                "taint": [],
                "workload_metadata_config": []
              }
            ],
            "node_count": 1,
            "node_locations": [
              "us-west1-c"
            ],
            "operation": null,
            "project": "october-cicd-go",
            "timeouts": null,
            "upgrade_settings": [
              {
                "max_surge": 1,
                "max_unavailable": 0
              }
            ],
            "version": "1.21.4-gke.2300"
          },
          "sensitive_attributes": [],
          "private": "eyJlMmJmYjczMC1lY2FhLTExZTYtOGY4OC0zNDM2M2JjN2M0YzAiOnsiY3JlYXRlIjoxODAwMDAwMDAwMDAwLCJkZWxldGUiOjE4MDAwMDAwMDAwMDAsInVwZGF0ZSI6MTgwMDAwMDAwMDAwMH0sInNjaGVtYV92ZXJzaW9uIjoiMSJ9",
          "dependencies": [
            "google_compute_network.vpc_network",
            "google_container_cluster.primary"
          ]
        }
      ]
    },
    {
      "mode": "managed",
      "type": "google_project_service",
      "name": "gcp_services",
      "provider": "provider[\"registry.terraform.io/hashicorp/google\"]",
      "instances": [
        {
          "index_key": 0,
          "schema_version": 0,
          "attributes": {
            "disable_dependent_services": null,
            "disable_on_destroy": false,
            "id": "october-cicd-go/compute.googleapis.com",
            "project": "october-cicd-go",
            "service": "compute.googleapis.com",
            "timeouts": null
          },
          "sensitive_attributes": [],
          "private": "eyJlMmJmYjczMC1lY2FhLTExZTYtOGY4OC0zNDM2M2JjN2M0YzAiOnsiY3JlYXRlIjoxMjAwMDAwMDAwMDAwLCJkZWxldGUiOjEyMDAwMDAwMDAwMDAsInJlYWQiOjYwMDAwMDAwMDAwMCwidXBkYXRlIjoxMjAwMDAwMDAwMDAwfX0="
        },
        {
          "index_key": 1,
          "schema_version": 0,
          "attributes": {
            "disable_dependent_services": null,
            "disable_on_destroy": false,
            "id": "october-cicd-go/iam.googleapis.com",
            "project": "october-cicd-go",
            "service": "iam.googleapis.com",
            "timeouts": null
          },
          "sensitive_attributes": [],
          "private": "eyJlMmJmYjczMC1lY2FhLTExZTYtOGY4OC0zNDM2M2JjN2M0YzAiOnsiY3JlYXRlIjoxMjAwMDAwMDAwMDAwLCJkZWxldGUiOjEyMDAwMDAwMDAwMDAsInJlYWQiOjYwMDAwMDAwMDAwMCwidXBkYXRlIjoxMjAwMDAwMDAwMDAwfX0="
        },
        {
          "index_key": 2,
          "schema_version": 0,
          "attributes": {
            "disable_dependent_services": null,
            "disable_on_destroy": false,
            "id": "october-cicd-go/iamcredentials.googleapis.com",
            "project": "october-cicd-go",
            "service": "iamcredentials.googleapis.com",
            "timeouts": null
          },
          "sensitive_attributes": [],
          "private": "eyJlMmJmYjczMC1lY2FhLTExZTYtOGY4OC0zNDM2M2JjN2M0YzAiOnsiY3JlYXRlIjoxMjAwMDAwMDAwMDAwLCJkZWxldGUiOjEyMDAwMDAwMDAwMDAsInJlYWQiOjYwMDAwMDAwMDAwMCwidXBkYXRlIjoxMjAwMDAwMDAwMDAwfX0="
        },
        {
          "index_key": 3,
          "schema_version": 0,
          "attributes": {
            "disable_dependent_services": null,
            "disable_on_destroy": false,
            "id": "october-cicd-go/container.googleapis.com",
            "project": "october-cicd-go",
            "service": "container.googleapis.com",
            "timeouts": null
          },
          "sensitive_attributes": [],
          "private": "eyJlMmJmYjczMC1lY2FhLTExZTYtOGY4OC0zNDM2M2JjN2M0YzAiOnsiY3JlYXRlIjoxMjAwMDAwMDAwMDAwLCJkZWxldGUiOjEyMDAwMDAwMDAwMDAsInJlYWQiOjYwMDAwMDAwMDAwMCwidXBkYXRlIjoxMjAwMDAwMDAwMDAwfX0="
        },
        {
          "index_key": 4,
          "schema_version": 0,
          "attributes": {
            "disable_dependent_services": null,
            "disable_on_destroy": false,
            "id": "october-cicd-go/monitoring.googleapis.com",
            "project": "october-cicd-go",
            "service": "monitoring.googleapis.com",
            "timeouts": null
          },
          "sensitive_attributes": [],
          "private": "eyJlMmJmYjczMC1lY2FhLTExZTYtOGY4OC0zNDM2M2JjN2M0YzAiOnsiY3JlYXRlIjoxMjAwMDAwMDAwMDAwLCJkZWxldGUiOjEyMDAwMDAwMDAwMDAsInJlYWQiOjYwMDAwMDAwMDAwMCwidXBkYXRlIjoxMjAwMDAwMDAwMDAwfX0="
        },
        {
          "index_key": 5,
          "schema_version": 0,
          "attributes": {
            "disable_dependent_services": null,
            "disable_on_destroy": false,
            "id": "october-cicd-go/storage-api.googleapis.com",
            "project": "october-cicd-go",
            "service": "storage-api.googleapis.com",
            "timeouts": null
          },
          "sensitive_attributes": [],
          "private": "eyJlMmJmYjczMC1lY2FhLTExZTYtOGY4OC0zNDM2M2JjN2M0YzAiOnsiY3JlYXRlIjoxMjAwMDAwMDAwMDAwLCJkZWxldGUiOjEyMDAwMDAwMDAwMDAsInJlYWQiOjYwMDAwMDAwMDAwMCwidXBkYXRlIjoxMjAwMDAwMDAwMDAwfX0="
        },
        {
          "index_key": 6,
          "schema_version": 0,
          "attributes": {
            "disable_dependent_services": null,
            "disable_on_destroy": false,
            "id": "october-cicd-go/storage-component.googleapis.com",
            "project": "october-cicd-go",
            "service": "storage-component.googleapis.com",
            "timeouts": null
          },
          "sensitive_attributes": [],
          "private": "eyJlMmJmYjczMC1lY2FhLTExZTYtOGY4OC0zNDM2M2JjN2M0YzAiOnsiY3JlYXRlIjoxMjAwMDAwMDAwMDAwLCJkZWxldGUiOjEyMDAwMDAwMDAwMDAsInJlYWQiOjYwMDAwMDAwMDAwMCwidXBkYXRlIjoxMjAwMDAwMDAwMDAwfX0="
        }
      ]
    },
    {
      "mode": "managed",
      "type": "helm_release",
      "name": "traefik",
      "provider": "provider[\"registry.terraform.io/hashicorp/helm\"]",
      "instances": []
    }
  ]
}
